// !$*UTF8*$!
{
	archiveVersion = 1;
	classes = {
	};
	objectVersion = 55;
	objects = {

/* Begin PBXGroup section */
		F4E6794827CDE0CF00CEBD11 = {
			isa = PBXGroup;
			children = (
			);
			sourceTree = "<group>";
		};
/* End PBXGroup section */

/* Begin PBXProject section */
		F4E6794927CDE0CF00CEBD11 /* Project object */ = {
			isa = PBXProject;
			attributes = {
				BuildIndependentTargetsInParallel = 1;
				LastUpgradeCheck = 1320;
			};
			buildConfigurationList = F4E6794C27CDE0CF00CEBD11 /* Build configuration list for PBXProject "My_Personal_Website" */;
			compatibilityVersion = "Xcode 13.0";
			developmentRegion = en;
			hasScannedForEncodings = 0;
			knownRegions = (
				en,
				Base,
			);
			mainGroup = F4E6794827CDE0CF00CEBD11;
			projectDirPath = "";
			projectRoot = "";
			targets = (
			);
		};
/* End PBXProject section */

/* Begin XCBuildConfiguration section */
		F4E6794D27CDE0CF00CEBD11 /* Debug */ = {
			isa = XCBuildConfiguration;
			buildSettings = {
			};
			name = Debug;
		};
		F4E6794E27CDE0CF00CEBD11 /* Release */ = {
			isa = XCBuildConfiguration;
			buildSettings = {
			};
			name = Release;
		};
/* End XCBuildConfiguration section */

/* Begin XCConfigurationList section */
		F4E6794C27CDE0CF00CEBD11 /* Build configuration list for PBXProject "My_Personal_Website" */ = {
			isa = XCConfigurationList;
			buildConfigurations = (
				F4E6794D27CDE0CF00CEBD11 /* Debug */,
				F4E6794E27CDE0CF00CEBD11 /* Release */,
			);
			defaultConfigurationIsVisible = 0;
			defaultConfigurationName = Release;
		};
/* End XCConfigurationList section */
	};
	rootObject = F4E6794927CDE0CF00CEBD11 /* Project object */;
}
